
Microsoft Visual Studio Solution File, Format Version 12.00
# Visual Studio 15
VisualStudioVersion = 15.0.28307.645
MinimumVisualStudioVersion = 10.0.40219.1
Project("{FAE04EC0-301F-11D3-BF4B-00C04F79EFBC}") = "Warehouse", "Warehouse\Warehouse.csproj", "{06A3BB5B-F2E1-4EF0-9C89-6601DE66ACA2}"
EndProject
Global
	GlobalSection(SolutionConfigurationPlatforms) = preSolution
		Debug|Any CPU = Debug|Any CPU
		Release|Any CPU = Release|Any CPU
	EndGlobalSection
	GlobalSection(ProjectConfigurationPlatforms) = postSolution
		{06A3BB5B-F2E1-4EF0-9C89-6601DE66ACA2}.Debug|Any CPU.ActiveCfg = Debug|Any CPU
		{06A3BB5B-F2E1-4EF0-9C89-6601DE66ACA2}.Debug|Any CPU.Build.0 = Debug|Any CPU
		{06A3BB5B-F2E1-4EF0-9C89-6601DE66ACA2}.Release|Any CPU.ActiveCfg = Release|Any CPU
		{06A3BB5B-F2E1-4EF0-9C89-6601DE66ACA2}.Release|Any CPU.Build.0 = Release|Any CPU
	EndGlobalSection
	GlobalSection(SolutionProperties) = preSolution
		HideSolutionNode = FALSE
	EndGlobalSection
	GlobalSection(ExtensibilityGlobals) = postSolution
		SolutionGuid = {233A41CA-15DA-44FE-80F4-71B8FCB7332F}
	EndGlobalSection
EndGlobal
